
Microsoft Visual Studio Solution File, Format Version 12.00
# Visual Studio 15
VisualStudioVersion = 15.0.27703.2035
MinimumVisualStudioVersion = 10.0.40219.1
Project("{FAE04EC0-301F-11D3-BF4B-00C04F79EFBC}") = "CursoKinexoASPNet", "CursoKinexoASPNet\CursoKinexoASPNet.csproj", "{C6D800D1-AD75-42F7-ACAA-E488139ACD3C}"
EndProject
Project("{FAE04EC0-301F-11D3-BF4B-00C04F79EFBC}") = "CursoKinexoASPNet.Tests", "CursoKinexoASPNet.Tests\CursoKinexoASPNet.Tests.csproj", "{07BD260A-D523-4704-BD1B-F88B82186D34}"
EndProject
Global
	GlobalSection(SolutionConfigurationPlatforms) = preSolution
		Debug|Any CPU = Debug|Any CPU
		Release|Any CPU = Release|Any CPU
	EndGlobalSection
	GlobalSection(ProjectConfigurationPlatforms) = postSolution
		{C6D800D1-AD75-42F7-ACAA-E488139ACD3C}.Debug|Any CPU.ActiveCfg = Debug|Any CPU
		{C6D800D1-AD75-42F7-ACAA-E488139ACD3C}.Debug|Any CPU.Build.0 = Debug|Any CPU
		{C6D800D1-AD75-42F7-ACAA-E488139ACD3C}.Release|Any CPU.ActiveCfg = Release|Any CPU
		{C6D800D1-AD75-42F7-ACAA-E488139ACD3C}.Release|Any CPU.Build.0 = Release|Any CPU
		{07BD260A-D523-4704-BD1B-F88B82186D34}.Debug|Any CPU.ActiveCfg = Debug|Any CPU
		{07BD260A-D523-4704-BD1B-F88B82186D34}.Debug|Any CPU.Build.0 = Debug|Any CPU
		{07BD260A-D523-4704-BD1B-F88B82186D34}.Release|Any CPU.ActiveCfg = Release|Any CPU
		{07BD260A-D523-4704-BD1B-F88B82186D34}.Release|Any CPU.Build.0 = Release|Any CPU
	EndGlobalSection
	GlobalSection(SolutionProperties) = preSolution
		HideSolutionNode = FALSE
	EndGlobalSection
	GlobalSection(ExtensibilityGlobals) = postSolution
		SolutionGuid = {7DBA096B-D886-4BBD-A1A3-7FF14E257E32}
	EndGlobalSection
EndGlobal
